# This file was autogenerated by Stack.
# You should not edit this file by hand.
# For more information, please see the documentation at:
#   https://docs.haskellstack.org/en/stable/lock_files

packages:
- completed:
    hackage: taffybar-3.2.1@sha256:d8fee4cc0f795398d9aec89bdbf6b9cb73fb9ac3a908142b57c7fcbecb7aae35,7312
    pantry-tree:
      size: 5966
      sha256: 59eb56a4709721c97f6be84a81f4cc224ad410c6642082651caa921b364f138b
  original:
    hackage: taffybar-3.2.1
- completed:
    hackage: ConfigFile-1.1.4@sha256:ca56261e1deae6ef958a337b03812987bfd94ab37b047e27f262bc3137813165,2056
    pantry-tree:
      size: 1016
      sha256: 58c2dbae1878d8f5bcac2848712ccfe90391bb1e6b719f43d044ead6c496f748
  original:
    hackage: ConfigFile-1.1.4
- completed:
    hackage: broadcast-chan-0.2.0.2@sha256:563a482d8a2e2102598cc7d41d0cf079aee09077d3b6d6009b1fd1e41a74f1e9,6377
    pantry-tree:
      size: 755
      sha256: d55193fde9c1233a341a7432ad4ac6afbd5d0a34690ab00c8be68b96ec522c2d
  original:
    hackage: broadcast-chan-0.2.0.2
- completed:
    hackage: dbus-hslogger-0.1.0.1@sha256:7c989216bfbd9dce7e6898e608efff13d7385d0e9cf4b5aa8c8e0358b72645be,1489
    pantry-tree:
      size: 395
      sha256: 015ca24522392f6027996ad65c4a2e3c9bd5371984ffc62d8ec43ed651d3e87a
  original:
    hackage: dbus-hslogger-0.1.0.1
- completed:
    hackage: gi-cairo-connector-0.0.1@sha256:b909fcfcb3c19fceb93ea309381c059020e9b9ae8d1fc39aad94962e112fc289,1166
    pantry-tree:
      size: 186
      sha256: 7cc3b726092bbff0ad393f07177a875b3bddc1946b008f8216aa56947e944576
  original:
    hackage: gi-cairo-connector-0.0.1
- completed:
    hackage: gi-cairo-render-0.0.1@sha256:ff2ccc309c021c2c023fa0d380375ef36cff2df93e0c78ed733f052dd1aa9782,3502
    pantry-tree:
      size: 1603
      sha256: e05dbca4c5acaf73903c142fc586d42ac8e2b57aabcc890053f8b02b1067d60a
  original:
    hackage: gi-cairo-render-0.0.1
- completed:
    hackage: gi-gdkx11-3.0.9@sha256:82dbb307dbf75cf965086579f8263793daef60f7b16234f3f5300e9f1193d83a,4516
    pantry-tree:
      size: 359
      sha256: a5579bc2e2a0407bd2545c6b573749dc48453db0fe39a2ed88dd0a3874163ae3
  original:
    hackage: gi-gdkx11-3.0.9
- completed:
    hackage: gtk-sni-tray-0.1.6.0@sha256:c9d355a67f459431c377f628a4853b1ed9a50e6591eceb76b1189b735aa765da,2188
    pantry-tree:
      size: 456
      sha256: 49b4c274219277ccf8a67999f6ff42cd083de830f6c1d879efd08281960f1df5
  original:
    hackage: gtk-sni-tray-0.1.6.0
- completed:
    hackage: gtk-strut-0.1.3.0@sha256:a1ad2b79d5c581366062278fd43db7fbc8b703cc156bacbcf3b94dc57dea7811,1140
    pantry-tree:
      size: 390
      sha256: 1edced59a053301d94239209d7cdb8f6baec68276abf1752de3dbe9b6f95c5a5
  original:
    hackage: gtk-strut-0.1.3.0
- completed:
    hackage: rate-limit-1.4.1@sha256:27abe882e8b7851202cac124ea2b631e77ab7216f7a655b0782704838fe3c305,943
    pantry-tree:
      size: 214
      sha256: f5eb6d9a78edc08d896771aefbd6b9986d85724bb1f9bec88fa09fd7a88551b4
  original:
    hackage: rate-limit-1.4.1
- completed:
    hackage: status-notifier-item-0.3.0.4@sha256:d48efe100c13fd8dde282442c187a3902be8a85cb8c17733b042f92385ec9613,2582
    pantry-tree:
      size: 1157
      sha256: 066eb89b0bea21f8686d692cdbe6c7f337bfe064c69a5c8a9e01bee062d35e62
  original:
    hackage: status-notifier-item-0.3.0.4
- completed:
    hackage: time-units-1.0.0@sha256:27cf54091c4a0ca73d504fc11d5c31ab4041d17404fe3499945e2055697746c1,928
    pantry-tree:
      size: 212
      sha256: 9b516d4195fcea22cd1f4335cfe210e88deca397ba7dacc494d5a2feb69e1af8
  original:
    hackage: time-units-1.0.0
- completed:
    hackage: xml-helpers-1.0.0@sha256:3b0808db529fa362a67717c78a78a4728859f60f31e9213ae2d32720fbe053a1,610
    pantry-tree:
      size: 220
      sha256: 23e445f90ddb3c02c05125fb273045718fc0551509fe931ae8010a3a189ba215
  original:
    hackage: xml-helpers-1.0.0
- completed:
    hackage: gi-dbusmenugtk3-0.4.8@sha256:947864f282c0f76295568b88408bc22faa4de907d60449a5eb641162b2ebaed3,3416
    pantry-tree:
      size: 371
      sha256: ccadc4df5a49fddb079f9c55de7e97ca7f3b5653e8ab53f16e71c991a70bca5b
  original:
    hackage: gi-dbusmenugtk3-0.4.8
- completed:
    hackage: gi-xlib-2.0.8@sha256:cb8c28f5dee8c43f8b060d90efe660c7bd5e499f4b1cab8052a709b89c14c154,3511
    pantry-tree:
      size: 355
      sha256: 8789d2c7992f6b0739a9ea35a4755fc7033de951993a057128451402d58506de
  original:
    hackage: gi-xlib-2.0.8
- completed:
    hackage: gi-dbusmenu-0.4.7@sha256:d624e89f5ce9835c0eeccf455efc0beb56a91da66bfae704bde436b8c7ecbc13,3247
    pantry-tree:
      size: 363
      sha256: aa540491278d8367f47d49fe5968e6fe529823ee9eb1891889bbe0cd0c0fffcb
  original:
    hackage: gi-dbusmenu-0.4.7
snapshots:
- completed:
    size: 523878
    url: https://raw.githubusercontent.com/commercialhaskell/stackage-snapshots/master/lts/14/3.yaml
    sha256: 470c46c27746a48c7c50f829efc0cf00112787a7804ee4ac7a27754658f6d92c
  original: lts-14.3
