{
  "nodes": {
    "emacs-overlay": {
      "locked": {
        "lastModified": 1620529044,
        "narHash": "sha256-ZdeUBMmRnnJiSdFdtyI8snKTXS0GZgFI3a54V1Lq1aU=",
        "owner": "nix-community",
        "repo": "emacs-overlay",
        "rev": "729f35be8bf92c25c38f60d7d7281f0927b61f00",
        "type": "github"
      },
      "original": {
        "owner": "nix-community",
        "repo": "emacs-overlay",
        "type": "github"
      }
    },
    "flake-compat": {
      "flake": false,
      "locked": {
        "lastModified": 1606424373,
        "narHash": "sha256-oq8d4//CJOrVj+EcOaSXvMebvuTkmBJuT5tzlfewUnQ=",
        "owner": "edolstra",
        "repo": "flake-compat",
        "rev": "99f1c2157fba4bfe6211a321fd0ee43199025dbf",
        "type": "github"
      },
      "original": {
        "owner": "edolstra",
        "repo": "flake-compat",
        "type": "github"
      }
    },
    "nixos-hardware": {
      "locked": {
        "lastModified": 1619336929,
        "narHash": "sha256-joIC2D26jtSbHodR/o8r+5T9XL2hXs6NIp5mVyA4JOc=",
        "owner": "NixOS",
        "repo": "nixos-hardware",
        "rev": "f7540d6c27704ec0fe56ecc8b2a9b663181850b0",
        "type": "github"
      },
      "original": {
        "owner": "NixOS",
        "repo": "nixos-hardware",
        "type": "github"
      }
    },
    "nixpkgs": {
      "locked": {
        "lastModified": 1620340338,
        "narHash": "sha256-Op/4K0+Z9Sp5jtFH0s/zMM4H7VFZxrekcAmjQ6JpQ4w=",
        "owner": "NixOS",
        "repo": "nixpkgs",
        "rev": "63586475587d7e0e078291ad4b49b6f6a6885100",
        "type": "github"
      },
      "original": {
        "id": "nixpkgs",
        "ref": "nixos-unstable",
        "type": "indirect"
      }
    },
    "nixpkgs-unstable": {
      "locked": {
        "lastModified": 1620515465,
        "narHash": "sha256-VcbWF9wMg1z5rBPy7b7NttwXCQf9I6yO7uC98pX7pXA=",
        "owner": "NixOS",
        "repo": "nixpkgs",
        "rev": "3a9d159ed1b41ca18523b2c95c7edb3845c1b411",
        "type": "github"
      },
      "original": {
        "id": "nixpkgs",
        "ref": "nixos-unstable-small",
        "type": "indirect"
      }
    },
    "nur": {
      "locked": {
        "lastModified": 1620557171,
        "narHash": "sha256-QQGUEMagxjJWDDilwXfpg2O1Nc/pYBwp5573Jzg9YTA=",
        "owner": "nix-community",
        "repo": "NUR",
        "rev": "fd4eb92ef280ac7faa4fc8cb75e78737842f92eb",
        "type": "github"
      },
      "original": {
        "owner": "nix-community",
        "repo": "NUR",
        "type": "github"
      }
    },
    "root": {
      "inputs": {
        "emacs-overlay": "emacs-overlay",
        "flake-compat": "flake-compat",
        "nixos-hardware": "nixos-hardware",
        "nixpkgs": "nixpkgs",
        "nixpkgs-unstable": "nixpkgs-unstable",
        "nur": "nur"
      }
    }
  },
  "root": "root",
  "version": 7
}
