{
  "nodes": {
    "emacs-overlay": {
      "locked": {
        "lastModified": 1624212697,
        "narHash": "sha256-aoa9A0JWJBk8QRR0URa5IUqcOp461NlxEfvqBpliD7c=",
        "owner": "nix-community",
        "repo": "emacs-overlay",
        "rev": "d8bf1e0a7aa41f8eb058760cb7ade8923bf683aa",
        "type": "github"
      },
      "original": {
        "owner": "nix-community",
        "repo": "emacs-overlay",
        "type": "github"
      }
    },
    "flake-compat": {
      "flake": false,
      "locked": {
        "lastModified": 1606424373,
        "narHash": "sha256-oq8d4//CJOrVj+EcOaSXvMebvuTkmBJuT5tzlfewUnQ=",
        "owner": "edolstra",
        "repo": "flake-compat",
        "rev": "99f1c2157fba4bfe6211a321fd0ee43199025dbf",
        "type": "github"
      },
      "original": {
        "owner": "edolstra",
        "repo": "flake-compat",
        "type": "github"
      }
    },
    "nixos-hardware": {
      "locked": {
        "lastModified": 1623569835,
        "narHash": "sha256-Mg+FN1JkEQ91Zff0+ot/ndRgD9BB+uDBLN12AcBYkSA=",
        "owner": "NixOS",
        "repo": "nixos-hardware",
        "rev": "7305b276c90cfd3ad0a2452101a49c0b52c784c0",
        "type": "github"
      },
      "original": {
        "owner": "NixOS",
        "repo": "nixos-hardware",
        "type": "github"
      }
    },
    "nixpkgs": {
      "locked": {
        "lastModified": 1624172050,
        "narHash": "sha256-sLQEhZ6Ffjx0J1AJxHQDY4y7XWKxI/Zgm/hQJjkjZ6M=",
        "owner": "NixOS",
        "repo": "nixpkgs",
        "rev": "6613a30c5e3ee59753181512b4bedd4121569925",
        "type": "github"
      },
      "original": {
        "id": "nixpkgs",
        "ref": "nixos-21.05",
        "type": "indirect"
      }
    },
    "nixpkgs-master": {
      "locked": {
        "lastModified": 1624264510,
        "narHash": "sha256-lv109tW7wPXdq6IEYV3daUvcKXD/eeYdnTdLPxMmoRU=",
        "owner": "NixOS",
        "repo": "nixpkgs",
        "rev": "4d4fdc329285e0d0c1c1a2b65947d651b8ba6b29",
        "type": "github"
      },
      "original": {
        "owner": "NixOS",
        "repo": "nixpkgs",
        "type": "github"
      }
    },
    "nixpkgs-unstable": {
      "locked": {
        "lastModified": 1624024598,
        "narHash": "sha256-X++38oH5MKEmPW4/2WdMaHQvwJzO8pJfbnzMD7DbG1E=",
        "owner": "NixOS",
        "repo": "nixpkgs",
        "rev": "33d42ad7cf2769ce6364ed4e52afa8e9d1439d58",
        "type": "github"
      },
      "original": {
        "id": "nixpkgs",
        "ref": "nixos-unstable",
        "type": "indirect"
      }
    },
    "nur": {
      "locked": {
        "lastModified": 1624256341,
        "narHash": "sha256-ZJX4CJ30KuUo+/+Kp2gQqVsubEWH7GvQqlgKNukOdL0=",
        "owner": "nix-community",
        "repo": "NUR",
        "rev": "830f9a2bc446d26ac17146ad26b993e3465e7fe9",
        "type": "github"
      },
      "original": {
        "owner": "nix-community",
        "repo": "NUR",
        "type": "github"
      }
    },
    "root": {
      "inputs": {
        "emacs-overlay": "emacs-overlay",
        "flake-compat": "flake-compat",
        "nixos-hardware": "nixos-hardware",
        "nixpkgs": "nixpkgs",
        "nixpkgs-master": "nixpkgs-master",
        "nixpkgs-unstable": "nixpkgs-unstable",
        "nur": "nur"
      }
    }
  },
  "root": "root",
  "version": 7
}
